
Microsoft Visual Studio Solution File, Format Version 12.00
# Visual Studio Version 16
VisualStudioVersion = 16.0.28803.202
MinimumVisualStudioVersion = 10.0.40219.1
Project("{9A19103F-16F7-4668-BE54-9A1E7A4F7556}") = "MangaWebApp", "MangaWebApp\MangaWebApp.csproj", "{1CFAD895-E9A3-4394-9C9C-021B012E4F14}"
EndProject
Project("{9A19103F-16F7-4668-BE54-9A1E7A4F7556}") = "MangaAPI", "..\IDV-NET5-API\IDV-NET5-API\IDV-NET5-API\MangaAPI.csproj", "{0F4415BD-2499-4F95-9DD5-2AA9C5A4A3CF}"
EndProject
Global
	GlobalSection(SolutionConfigurationPlatforms) = preSolution
		Debug|Any CPU = Debug|Any CPU
		Release|Any CPU = Release|Any CPU
	EndGlobalSection
	GlobalSection(ProjectConfigurationPlatforms) = postSolution
		{1CFAD895-E9A3-4394-9C9C-021B012E4F14}.Debug|Any CPU.ActiveCfg = Debug|Any CPU
		{1CFAD895-E9A3-4394-9C9C-021B012E4F14}.Debug|Any CPU.Build.0 = Debug|Any CPU
		{1CFAD895-E9A3-4394-9C9C-021B012E4F14}.Release|Any CPU.ActiveCfg = Release|Any CPU
		{1CFAD895-E9A3-4394-9C9C-021B012E4F14}.Release|Any CPU.Build.0 = Release|Any CPU
		{0F4415BD-2499-4F95-9DD5-2AA9C5A4A3CF}.Debug|Any CPU.ActiveCfg = Debug|Any CPU
		{0F4415BD-2499-4F95-9DD5-2AA9C5A4A3CF}.Debug|Any CPU.Build.0 = Debug|Any CPU
		{0F4415BD-2499-4F95-9DD5-2AA9C5A4A3CF}.Release|Any CPU.ActiveCfg = Release|Any CPU
		{0F4415BD-2499-4F95-9DD5-2AA9C5A4A3CF}.Release|Any CPU.Build.0 = Release|Any CPU
	EndGlobalSection
	GlobalSection(SolutionProperties) = preSolution
		HideSolutionNode = FALSE
	EndGlobalSection
	GlobalSection(ExtensibilityGlobals) = postSolution
		SolutionGuid = {75F715D8-625F-4D6F-BCCB-1616D8DF0030}
	EndGlobalSection
EndGlobal
